// !$*UTF8*$!
{
	archiveVersion = 1;
	classes = {
	};
	objectVersion = 56;
	objects = {

/* Begin PBXBuildFile section */
		AB3B45922B2089AE0010CA91 /* HeaderView.swift in Sources */ = {isa = PBXBuildFile; fileRef = AB3B45912B2089AE0010CA91 /* HeaderView.swift */; };
		AB3B45942B20DD9D0010CA91 /* AuthButton.swift in Sources */ = {isa = PBXBuildFile; fileRef = AB3B45932B20DD9D0010CA91 /* AuthButton.swift */; };
		ABA379E52B1D371A00960FFF /* swiftuitodolistApp.swift in Sources */ = {isa = PBXBuildFile; fileRef = ABA379E42B1D371A00960FFF /* swiftuitodolistApp.swift */; };
		ABA379E72B1D371A00960FFF /* MainView.swift in Sources */ = {isa = PBXBuildFile; fileRef = ABA379E62B1D371A00960FFF /* MainView.swift */; };
		ABA379E92B1D371C00960FFF /* Assets.xcassets in Resources */ = {isa = PBXBuildFile; fileRef = ABA379E82B1D371C00960FFF /* Assets.xcassets */; };
		ABA379EC2B1D371C00960FFF /* Preview Assets.xcassets in Resources */ = {isa = PBXBuildFile; fileRef = ABA379EB2B1D371C00960FFF /* Preview Assets.xcassets */; };
		ABA379F62B1D371C00960FFF /* swiftuitodolistTests.swift in Sources */ = {isa = PBXBuildFile; fileRef = ABA379F52B1D371C00960FFF /* swiftuitodolistTests.swift */; };
		ABA37A002B1D371C00960FFF /* swiftuitodolistUITests.swift in Sources */ = {isa = PBXBuildFile; fileRef = ABA379FF2B1D371C00960FFF /* swiftuitodolistUITests.swift */; };
		ABA37A022B1D371C00960FFF /* swiftuitodolistUITestsLaunchTests.swift in Sources */ = {isa = PBXBuildFile; fileRef = ABA37A012B1D371C00960FFF /* swiftuitodolistUITestsLaunchTests.swift */; };
		ABFAEBB22B1E7AD2006A6D20 /* GoogleService-Info.plist in Resources */ = {isa = PBXBuildFile; fileRef = ABFAEBB12B1E7AD2006A6D20 /* GoogleService-Info.plist */; };
		ABFAEBB42B1E7E60006A6D20 /* FirebaseAuth in Frameworks */ = {isa = PBXBuildFile; productRef = ABFAEBB32B1E7E60006A6D20 /* FirebaseAuth */; };
		ABFAEBB62B1E7E60006A6D20 /* FirebaseFirestore in Frameworks */ = {isa = PBXBuildFile; productRef = ABFAEBB52B1E7E60006A6D20 /* FirebaseFirestore */; };
		ABFAEBB82B1E7E60006A6D20 /* FirebaseFirestoreSwift in Frameworks */ = {isa = PBXBuildFile; productRef = ABFAEBB72B1E7E60006A6D20 /* FirebaseFirestoreSwift */; };
		ABFAEBBE2B1E801F006A6D20 /* ProfileView.swift in Sources */ = {isa = PBXBuildFile; fileRef = ABFAEBBD2B1E801F006A6D20 /* ProfileView.swift */; };
		ABFAEBC02B1E8053006A6D20 /* ToDoListView.swift in Sources */ = {isa = PBXBuildFile; fileRef = ABFAEBBF2B1E8053006A6D20 /* ToDoListView.swift */; };
		ABFAEBC22B1E8062006A6D20 /* NewItemView.swift in Sources */ = {isa = PBXBuildFile; fileRef = ABFAEBC12B1E8062006A6D20 /* NewItemView.swift */; };
		ABFAEBC42B1E806A006A6D20 /* LoginView.swift in Sources */ = {isa = PBXBuildFile; fileRef = ABFAEBC32B1E806A006A6D20 /* LoginView.swift */; };
		ABFAEBC62B1E8074006A6D20 /* RegisterView.swift in Sources */ = {isa = PBXBuildFile; fileRef = ABFAEBC52B1E8074006A6D20 /* RegisterView.swift */; };
		ABFAEBC92B1E812D006A6D20 /* ToDoListItemView.swift in Sources */ = {isa = PBXBuildFile; fileRef = ABFAEBC82B1E812D006A6D20 /* ToDoListItemView.swift */; };
		ABFAEBCC2B1E818D006A6D20 /* User.swift in Sources */ = {isa = PBXBuildFile; fileRef = ABFAEBCB2B1E818D006A6D20 /* User.swift */; };
		ABFAEBCE2B1E819A006A6D20 /* ToDoListItem.swift in Sources */ = {isa = PBXBuildFile; fileRef = ABFAEBCD2B1E819A006A6D20 /* ToDoListItem.swift */; };
		ABFAEBD02B1E81C7006A6D20 /* MainViewViewModel.swift in Sources */ = {isa = PBXBuildFile; fileRef = ABFAEBCF2B1E81C7006A6D20 /* MainViewViewModel.swift */; };
		ABFAEBD22B1E81DC006A6D20 /* ProfileViewViewModel.swift in Sources */ = {isa = PBXBuildFile; fileRef = ABFAEBD12B1E81DC006A6D20 /* ProfileViewViewModel.swift */; };
		ABFAEBD42B1E81ED006A6D20 /* ToDoListViewViewModel.swift in Sources */ = {isa = PBXBuildFile; fileRef = ABFAEBD32B1E81ED006A6D20 /* ToDoListViewViewModel.swift */; };
		ABFAEBD62B1E8205006A6D20 /* NewItemViewViewModel.swift in Sources */ = {isa = PBXBuildFile; fileRef = ABFAEBD52B1E8205006A6D20 /* NewItemViewViewModel.swift */; };
		ABFAEBD82B1E8219006A6D20 /* RegisterViewViewModel.swift in Sources */ = {isa = PBXBuildFile; fileRef = ABFAEBD72B1E8219006A6D20 /* RegisterViewViewModel.swift */; };
		ABFAEBDC2B1E824A006A6D20 /* LoginViewViewModel.swift in Sources */ = {isa = PBXBuildFile; fileRef = ABFAEBDB2B1E824A006A6D20 /* LoginViewViewModel.swift */; };
		ABFAEBDF2B1E829B006A6D20 /* ToDoListItemViewViewModel.swift in Sources */ = {isa = PBXBuildFile; fileRef = ABFAEBDE2B1E829B006A6D20 /* ToDoListItemViewViewModel.swift */; };
/* End PBXBuildFile section */

/* Begin PBXContainerItemProxy section */
		ABA379F22B1D371C00960FFF /* PBXContainerItemProxy */ = {
			isa = PBXContainerItemProxy;
			containerPortal = ABA379D92B1D371A00960FFF /* Project object */;
			proxyType = 1;
			remoteGlobalIDString = ABA379E02B1D371A00960FFF;
			remoteInfo = swiftuitodolist;
		};
		ABA379FC2B1D371C00960FFF /* PBXContainerItemProxy */ = {
			isa = PBXContainerItemProxy;
			containerPortal = ABA379D92B1D371A00960FFF /* Project object */;
			proxyType = 1;
			remoteGlobalIDString = ABA379E02B1D371A00960FFF;
			remoteInfo = swiftuitodolist;
		};
/* End PBXContainerItemProxy section */

/* Begin PBXFileReference section */
		AB3B45912B2089AE0010CA91 /* HeaderView.swift */ = {isa = PBXFileReference; lastKnownFileType = sourcecode.swift; path = HeaderView.swift; sourceTree = "<group>"; };
		AB3B45932B20DD9D0010CA91 /* AuthButton.swift */ = {isa = PBXFileReference; lastKnownFileType = sourcecode.swift; path = AuthButton.swift; sourceTree = "<group>"; };
		ABA379E12B1D371A00960FFF /* swiftuitodolist.app */ = {isa = PBXFileReference; explicitFileType = wrapper.application; includeInIndex = 0; path = swiftuitodolist.app; sourceTree = BUILT_PRODUCTS_DIR; };
		ABA379E42B1D371A00960FFF /* swiftuitodolistApp.swift */ = {isa = PBXFileReference; lastKnownFileType = sourcecode.swift; path = swiftuitodolistApp.swift; sourceTree = "<group>"; };
		ABA379E62B1D371A00960FFF /* MainView.swift */ = {isa = PBXFileReference; lastKnownFileType = sourcecode.swift; path = MainView.swift; sourceTree = "<group>"; };
		ABA379E82B1D371C00960FFF /* Assets.xcassets */ = {isa = PBXFileReference; lastKnownFileType = folder.assetcatalog; path = Assets.xcassets; sourceTree = "<group>"; };
		ABA379EB2B1D371C00960FFF /* Preview Assets.xcassets */ = {isa = PBXFileReference; lastKnownFileType = folder.assetcatalog; path = "Preview Assets.xcassets"; sourceTree = "<group>"; };
		ABA379F12B1D371C00960FFF /* swiftuitodolistTests.xctest */ = {isa = PBXFileReference; explicitFileType = wrapper.cfbundle; includeInIndex = 0; path = swiftuitodolistTests.xctest; sourceTree = BUILT_PRODUCTS_DIR; };
		ABA379F52B1D371C00960FFF /* swiftuitodolistTests.swift */ = {isa = PBXFileReference; lastKnownFileType = sourcecode.swift; path = swiftuitodolistTests.swift; sourceTree = "<group>"; };
		ABA379FB2B1D371C00960FFF /* swiftuitodolistUITests.xctest */ = {isa = PBXFileReference; explicitFileType = wrapper.cfbundle; includeInIndex = 0; path = swiftuitodolistUITests.xctest; sourceTree = BUILT_PRODUCTS_DIR; };
		ABA379FF2B1D371C00960FFF /* swiftuitodolistUITests.swift */ = {isa = PBXFileReference; lastKnownFileType = sourcecode.swift; path = swiftuitodolistUITests.swift; sourceTree = "<group>"; };
		ABA37A012B1D371C00960FFF /* swiftuitodolistUITestsLaunchTests.swift */ = {isa = PBXFileReference; lastKnownFileType = sourcecode.swift; path = swiftuitodolistUITestsLaunchTests.swift; sourceTree = "<group>"; };
		ABFAEBB12B1E7AD2006A6D20 /* GoogleService-Info.plist */ = {isa = PBXFileReference; fileEncoding = 4; lastKnownFileType = text.plist.xml; path = "GoogleService-Info.plist"; sourceTree = "<group>"; };
		ABFAEBBD2B1E801F006A6D20 /* ProfileView.swift */ = {isa = PBXFileReference; lastKnownFileType = sourcecode.swift; path = ProfileView.swift; sourceTree = "<group>"; };
		ABFAEBBF2B1E8053006A6D20 /* ToDoListView.swift */ = {isa = PBXFileReference; lastKnownFileType = sourcecode.swift; path = ToDoListView.swift; sourceTree = "<group>"; };
		ABFAEBC12B1E8062006A6D20 /* NewItemView.swift */ = {isa = PBXFileReference; lastKnownFileType = sourcecode.swift; path = NewItemView.swift; sourceTree = "<group>"; };
		ABFAEBC32B1E806A006A6D20 /* LoginView.swift */ = {isa = PBXFileReference; lastKnownFileType = sourcecode.swift; path = LoginView.swift; sourceTree = "<group>"; };
		ABFAEBC52B1E8074006A6D20 /* RegisterView.swift */ = {isa = PBXFileReference; lastKnownFileType = sourcecode.swift; path = RegisterView.swift; sourceTree = "<group>"; };
		ABFAEBC82B1E812D006A6D20 /* ToDoListItemView.swift */ = {isa = PBXFileReference; lastKnownFileType = sourcecode.swift; path = ToDoListItemView.swift; sourceTree = "<group>"; };
		ABFAEBCB2B1E818D006A6D20 /* User.swift */ = {isa = PBXFileReference; lastKnownFileType = sourcecode.swift; path = User.swift; sourceTree = "<group>"; };
		ABFAEBCD2B1E819A006A6D20 /* ToDoListItem.swift */ = {isa = PBXFileReference; lastKnownFileType = sourcecode.swift; path = ToDoListItem.swift; sourceTree = "<group>"; };
		ABFAEBCF2B1E81C7006A6D20 /* MainViewViewModel.swift */ = {isa = PBXFileReference; lastKnownFileType = sourcecode.swift; path = MainViewViewModel.swift; sourceTree = "<group>"; };
		ABFAEBD12B1E81DC006A6D20 /* ProfileViewViewModel.swift */ = {isa = PBXFileReference; lastKnownFileType = sourcecode.swift; path = ProfileViewViewModel.swift; sourceTree = "<group>"; };
		ABFAEBD32B1E81ED006A6D20 /* ToDoListViewViewModel.swift */ = {isa = PBXFileReference; lastKnownFileType = sourcecode.swift; path = ToDoListViewViewModel.swift; sourceTree = "<group>"; };
		ABFAEBD52B1E8205006A6D20 /* NewItemViewViewModel.swift */ = {isa = PBXFileReference; lastKnownFileType = sourcecode.swift; path = NewItemViewViewModel.swift; sourceTree = "<group>"; };
		ABFAEBD72B1E8219006A6D20 /* RegisterViewViewModel.swift */ = {isa = PBXFileReference; lastKnownFileType = sourcecode.swift; path = RegisterViewViewModel.swift; sourceTree = "<group>"; };
		ABFAEBDB2B1E824A006A6D20 /* LoginViewViewModel.swift */ = {isa = PBXFileReference; lastKnownFileType = sourcecode.swift; path = LoginViewViewModel.swift; sourceTree = "<group>"; };
		ABFAEBDE2B1E829B006A6D20 /* ToDoListItemViewViewModel.swift */ = {isa = PBXFileReference; lastKnownFileType = sourcecode.swift; path = ToDoListItemViewViewModel.swift; sourceTree = "<group>"; };
/* End PBXFileReference section */

/* Begin PBXFrameworksBuildPhase section */
		ABA379DE2B1D371A00960FFF /* Frameworks */ = {
			isa = PBXFrameworksBuildPhase;
			buildActionMask = 2147483647;
			files = (
				ABFAEBB42B1E7E60006A6D20 /* FirebaseAuth in Frameworks */,
				ABFAEBB62B1E7E60006A6D20 /* FirebaseFirestore in Frameworks */,
				ABFAEBB82B1E7E60006A6D20 /* FirebaseFirestoreSwift in Frameworks */,
			);
			runOnlyForDeploymentPostprocessing = 0;
		};
		ABA379EE2B1D371C00960FFF /* Frameworks */ = {
			isa = PBXFrameworksBuildPhase;
			buildActionMask = 2147483647;
			files = (
			);
			runOnlyForDeploymentPostprocessing = 0;
		};
		ABA379F82B1D371C00960FFF /* Frameworks */ = {
			isa = PBXFrameworksBuildPhase;
			buildActionMask = 2147483647;
			files = (
			);
			runOnlyForDeploymentPostprocessing = 0;
		};
/* End PBXFrameworksBuildPhase section */

/* Begin PBXGroup section */
		ABA379D82B1D371A00960FFF = {
			isa = PBXGroup;
			children = (
				ABA379E32B1D371A00960FFF /* swiftuitodolist */,
				ABA379F42B1D371C00960FFF /* swiftuitodolistTests */,
				ABA379FE2B1D371C00960FFF /* swiftuitodolistUITests */,
				ABA379E22B1D371A00960FFF /* Products */,
			);
			sourceTree = "<group>";
		};
		ABA379E22B1D371A00960FFF /* Products */ = {
			isa = PBXGroup;
			children = (
				ABA379E12B1D371A00960FFF /* swiftuitodolist.app */,
				ABA379F12B1D371C00960FFF /* swiftuitodolistTests.xctest */,
				ABA379FB2B1D371C00960FFF /* swiftuitodolistUITests.xctest */,
			);
			name = Products;
			sourceTree = "<group>";
		};
		ABA379E32B1D371A00960FFF /* swiftuitodolist */ = {
			isa = PBXGroup;
			children = (
				ABFAEBBC2B1E7F55006A6D20 /* Other */,
				ABFAEBBB2B1E7F41006A6D20 /* Models */,
				ABFAEBBA2B1E7F1F006A6D20 /* ViewModels */,
				ABFAEBB92B1E7F0B006A6D20 /* Views */,
				ABA379EA2B1D371C00960FFF /* Preview Content */,
			);
			path = swiftuitodolist;
			sourceTree = "<group>";
		};
		ABA379EA2B1D371C00960FFF /* Preview Content */ = {
			isa = PBXGroup;
			children = (
				ABA379EB2B1D371C00960FFF /* Preview Assets.xcassets */,
			);
			path = "Preview Content";
			sourceTree = "<group>";
		};
		ABA379F42B1D371C00960FFF /* swiftuitodolistTests */ = {
			isa = PBXGroup;
			children = (
				ABA379F52B1D371C00960FFF /* swiftuitodolistTests.swift */,
			);
			path = swiftuitodolistTests;
			sourceTree = "<group>";
		};
		ABA379FE2B1D371C00960FFF /* swiftuitodolistUITests */ = {
			isa = PBXGroup;
			children = (
				ABA379FF2B1D371C00960FFF /* swiftuitodolistUITests.swift */,
				ABA37A012B1D371C00960FFF /* swiftuitodolistUITestsLaunchTests.swift */,
			);
			path = swiftuitodolistUITests;
			sourceTree = "<group>";
		};
		ABFAEBB92B1E7F0B006A6D20 /* Views */ = {
			isa = PBXGroup;
			children = (
				ABFAEBCA2B1E8135006A6D20 /* ToDoView */,
				ABFAEBC72B1E8105006A6D20 /* Auth */,
				AB3B45912B2089AE0010CA91 /* HeaderView.swift */,
				AB3B45932B20DD9D0010CA91 /* AuthButton.swift */,
			);
			path = Views;
			sourceTree = "<group>";
		};
		ABFAEBBA2B1E7F1F006A6D20 /* ViewModels */ = {
			isa = PBXGroup;
			children = (
				ABFAEBDA2B1E8231006A6D20 /* ToDoListViewModel */,
				ABFAEBD92B1E8220006A6D20 /* AuthViewModel */,
			);
			path = ViewModels;
			sourceTree = "<group>";
		};
		ABFAEBBB2B1E7F41006A6D20 /* Models */ = {
			isa = PBXGroup;
			children = (
				ABFAEBCB2B1E818D006A6D20 /* User.swift */,
				ABFAEBCD2B1E819A006A6D20 /* ToDoListItem.swift */,
			);
			path = Models;
			sourceTree = "<group>";
		};
		ABFAEBBC2B1E7F55006A6D20 /* Other */ = {
			isa = PBXGroup;
			children = (
				ABFAEBB12B1E7AD2006A6D20 /* GoogleService-Info.plist */,
				ABA379E42B1D371A00960FFF /* swiftuitodolistApp.swift */,
				ABA379E82B1D371C00960FFF /* Assets.xcassets */,
			);
			path = Other;
			sourceTree = "<group>";
		};
		ABFAEBC72B1E8105006A6D20 /* Auth */ = {
			isa = PBXGroup;
			children = (
				ABFAEBBD2B1E801F006A6D20 /* ProfileView.swift */,
				ABFAEBC32B1E806A006A6D20 /* LoginView.swift */,
				ABFAEBC52B1E8074006A6D20 /* RegisterView.swift */,
			);
			path = Auth;
			sourceTree = "<group>";
		};
		ABFAEBCA2B1E8135006A6D20 /* ToDoView */ = {
			isa = PBXGroup;
			children = (
				ABFAEBC12B1E8062006A6D20 /* NewItemView.swift */,
				ABFAEBBF2B1E8053006A6D20 /* ToDoListView.swift */,
				ABFAEBC82B1E812D006A6D20 /* ToDoListItemView.swift */,
				ABA379E62B1D371A00960FFF /* MainView.swift */,
			);
			path = ToDoView;
			sourceTree = "<group>";
		};
		ABFAEBD92B1E8220006A6D20 /* AuthViewModel */ = {
			isa = PBXGroup;
			children = (
				ABFAEBD12B1E81DC006A6D20 /* ProfileViewViewModel.swift */,
				ABFAEBD72B1E8219006A6D20 /* RegisterViewViewModel.swift */,
				ABFAEBDB2B1E824A006A6D20 /* LoginViewViewModel.swift */,
			);
			path = AuthViewModel;
			sourceTree = "<group>";
		};
		ABFAEBDA2B1E8231006A6D20 /* ToDoListViewModel */ = {
			isa = PBXGroup;
			children = (
				ABFAEBCF2B1E81C7006A6D20 /* MainViewViewModel.swift */,
				ABFAEBD32B1E81ED006A6D20 /* ToDoListViewViewModel.swift */,
				ABFAEBD52B1E8205006A6D20 /* NewItemViewViewModel.swift */,
				ABFAEBDE2B1E829B006A6D20 /* ToDoListItemViewViewModel.swift */,
			);
			path = ToDoListViewModel;
			sourceTree = "<group>";
		};
/* End PBXGroup section */

/* Begin PBXNativeTarget section */
		ABA379E02B1D371A00960FFF /* swiftuitodolist */ = {
			isa = PBXNativeTarget;
			buildConfigurationList = ABA37A052B1D371C00960FFF /* Build configuration list for PBXNativeTarget "swiftuitodolist" */;
			buildPhases = (
				ABA379DD2B1D371A00960FFF /* Sources */,
				ABA379DE2B1D371A00960FFF /* Frameworks */,
				ABA379DF2B1D371A00960FFF /* Resources */,
			);
			buildRules = (
			);
			dependencies = (
			);
			name = swiftuitodolist;
			packageProductDependencies = (
				ABFAEBB32B1E7E60006A6D20 /* FirebaseAuth */,
				ABFAEBB52B1E7E60006A6D20 /* FirebaseFirestore */,
				ABFAEBB72B1E7E60006A6D20 /* FirebaseFirestoreSwift */,
			);
			productName = swiftuitodolist;
			productReference = ABA379E12B1D371A00960FFF /* swiftuitodolist.app */;
			productType = "com.apple.product-type.application";
		};
		ABA379F02B1D371C00960FFF /* swiftuitodolistTests */ = {
			isa = PBXNativeTarget;
			buildConfigurationList = ABA37A082B1D371C00960FFF /* Build configuration list for PBXNativeTarget "swiftuitodolistTests" */;
			buildPhases = (
				ABA379ED2B1D371C00960FFF /* Sources */,
				ABA379EE2B1D371C00960FFF /* Frameworks */,
				ABA379EF2B1D371C00960FFF /* Resources */,
			);
			buildRules = (
			);
			dependencies = (
				ABA379F32B1D371C00960FFF /* PBXTargetDependency */,
			);
			name = swiftuitodolistTests;
			productName = swiftuitodolistTests;
			productReference = ABA379F12B1D371C00960FFF /* swiftuitodolistTests.xctest */;
			productType = "com.apple.product-type.bundle.unit-test";
		};
		ABA379FA2B1D371C00960FFF /* swiftuitodolistUITests */ = {
			isa = PBXNativeTarget;
			buildConfigurationList = ABA37A0B2B1D371C00960FFF /* Build configuration list for PBXNativeTarget "swiftuitodolistUITests" */;
			buildPhases = (
				ABA379F72B1D371C00960FFF /* Sources */,
				ABA379F82B1D371C00960FFF /* Frameworks */,
				ABA379F92B1D371C00960FFF /* Resources */,
			);
			buildRules = (
			);
			dependencies = (
				ABA379FD2B1D371C00960FFF /* PBXTargetDependency */,
			);
			name = swiftuitodolistUITests;
			productName = swiftuitodolistUITests;
			productReference = ABA379FB2B1D371C00960FFF /* swiftuitodolistUITests.xctest */;
			productType = "com.apple.product-type.bundle.ui-testing";
		};
/* End PBXNativeTarget section */

/* Begin PBXProject section */
		ABA379D92B1D371A00960FFF /* Project object */ = {
			isa = PBXProject;
			attributes = {
				BuildIndependentTargetsInParallel = 1;
				LastSwiftUpdateCheck = 1500;
				LastUpgradeCheck = 1500;
				TargetAttributes = {
					ABA379E02B1D371A00960FFF = {
						CreatedOnToolsVersion = 15.0.1;
					};
					ABA379F02B1D371C00960FFF = {
						CreatedOnToolsVersion = 15.0.1;
						TestTargetID = ABA379E02B1D371A00960FFF;
					};
					ABA379FA2B1D371C00960FFF = {
						CreatedOnToolsVersion = 15.0.1;
						TestTargetID = ABA379E02B1D371A00960FFF;
					};
				};
			};
			buildConfigurationList = ABA379DC2B1D371A00960FFF /* Build configuration list for PBXProject "swiftuitodolist" */;
			compatibilityVersion = "Xcode 14.0";
			developmentRegion = en;
			hasScannedForEncodings = 0;
			knownRegions = (
				en,
				Base,
			);
			mainGroup = ABA379D82B1D371A00960FFF;
			packageReferences = (
				ABA37A0E2B1D3BC300960FFF /* XCRemoteSwiftPackageReference "firebase-ios-sdk" */,
			);
			productRefGroup = ABA379E22B1D371A00960FFF /* Products */;
			projectDirPath = "";
			projectRoot = "";
			targets = (
				ABA379E02B1D371A00960FFF /* swiftuitodolist */,
				ABA379F02B1D371C00960FFF /* swiftuitodolistTests */,
				ABA379FA2B1D371C00960FFF /* swiftuitodolistUITests */,
			);
		};
/* End PBXProject section */

/* Begin PBXResourcesBuildPhase section */
		ABA379DF2B1D371A00960FFF /* Resources */ = {
			isa = PBXResourcesBuildPhase;
			buildActionMask = 2147483647;
			files = (
				ABA379EC2B1D371C00960FFF /* Preview Assets.xcassets in Resources */,
				ABA379E92B1D371C00960FFF /* Assets.xcassets in Resources */,
				ABFAEBB22B1E7AD2006A6D20 /* GoogleService-Info.plist in Resources */,
			);
			runOnlyForDeploymentPostprocessing = 0;
		};
		ABA379EF2B1D371C00960FFF /* Resources */ = {
			isa = PBXResourcesBuildPhase;
			buildActionMask = 2147483647;
			files = (
			);
			runOnlyForDeploymentPostprocessing = 0;
		};
		ABA379F92B1D371C00960FFF /* Resources */ = {
			isa = PBXResourcesBuildPhase;
			buildActionMask = 2147483647;
			files = (
			);
			runOnlyForDeploymentPostprocessing = 0;
		};
/* End PBXResourcesBuildPhase section */

/* Begin PBXSourcesBuildPhase section */
		ABA379DD2B1D371A00960FFF /* Sources */ = {
			isa = PBXSourcesBuildPhase;
			buildActionMask = 2147483647;
			files = (
				ABFAEBC42B1E806A006A6D20 /* LoginView.swift in Sources */,
				AB3B45922B2089AE0010CA91 /* HeaderView.swift in Sources */,
				ABA379E72B1D371A00960FFF /* MainView.swift in Sources */,
				ABFAEBD02B1E81C7006A6D20 /* MainViewViewModel.swift in Sources */,
				ABFAEBDC2B1E824A006A6D20 /* LoginViewViewModel.swift in Sources */,
				AB3B45942B20DD9D0010CA91 /* AuthButton.swift in Sources */,
				ABFAEBBE2B1E801F006A6D20 /* ProfileView.swift in Sources */,
				ABFAEBC62B1E8074006A6D20 /* RegisterView.swift in Sources */,
				ABFAEBD82B1E8219006A6D20 /* RegisterViewViewModel.swift in Sources */,
				ABFAEBD22B1E81DC006A6D20 /* ProfileViewViewModel.swift in Sources */,
				ABFAEBC02B1E8053006A6D20 /* ToDoListView.swift in Sources */,
				ABFAEBCC2B1E818D006A6D20 /* User.swift in Sources */,
				ABFAEBC92B1E812D006A6D20 /* ToDoListItemView.swift in Sources */,
				ABFAEBD42B1E81ED006A6D20 /* ToDoListViewViewModel.swift in Sources */,
				ABA379E52B1D371A00960FFF /* swiftuitodolistApp.swift in Sources */,
				ABFAEBCE2B1E819A006A6D20 /* ToDoListItem.swift in Sources */,
				ABFAEBC22B1E8062006A6D20 /* NewItemView.swift in Sources */,
				ABFAEBD62B1E8205006A6D20 /* NewItemViewViewModel.swift in Sources */,
				ABFAEBDF2B1E829B006A6D20 /* ToDoListItemViewViewModel.swift in Sources */,
			);
			runOnlyForDeploymentPostprocessing = 0;
		};
		ABA379ED2B1D371C00960FFF /* Sources */ = {
			isa = PBXSourcesBuildPhase;
			buildActionMask = 2147483647;
			files = (
				ABA379F62B1D371C00960FFF /* swiftuitodolistTests.swift in Sources */,
			);
			runOnlyForDeploymentPostprocessing = 0;
		};
		ABA379F72B1D371C00960FFF /* Sources */ = {
			isa = PBXSourcesBuildPhase;
			buildActionMask = 2147483647;
			files = (
				ABA37A022B1D371C00960FFF /* swiftuitodolistUITestsLaunchTests.swift in Sources */,
				ABA37A002B1D371C00960FFF /* swiftuitodolistUITests.swift in Sources */,
			);
			runOnlyForDeploymentPostprocessing = 0;
		};
/* End PBXSourcesBuildPhase section */

/* Begin PBXTargetDependency section */
		ABA379F32B1D371C00960FFF /* PBXTargetDependency */ = {
			isa = PBXTargetDependency;
			target = ABA379E02B1D371A00960FFF /* swiftuitodolist */;
			targetProxy = ABA379F22B1D371C00960FFF /* PBXContainerItemProxy */;
		};
		ABA379FD2B1D371C00960FFF /* PBXTargetDependency */ = {
			isa = PBXTargetDependency;
			target = ABA379E02B1D371A00960FFF /* swiftuitodolist */;
			targetProxy = ABA379FC2B1D371C00960FFF /* PBXContainerItemProxy */;
		};
/* End PBXTargetDependency section */

/* Begin XCBuildConfiguration section */
		ABA37A032B1D371C00960FFF /* Debug */ = {
			isa = XCBuildConfiguration;
			buildSettings = {
				ALWAYS_SEARCH_USER_PATHS = NO;
				ASSETCATALOG_COMPILER_GENERATE_SWIFT_ASSET_SYMBOL_EXTENSIONS = YES;
				CLANG_ANALYZER_NONNULL = YES;
				CLANG_ANALYZER_NUMBER_OBJECT_CONVERSION = YES_AGGRESSIVE;
				CLANG_CXX_LANGUAGE_STANDARD = "gnu++20";
				CLANG_ENABLE_MODULES = YES;
				CLANG_ENABLE_OBJC_ARC = YES;
				CLANG_ENABLE_OBJC_WEAK = YES;
				CLANG_WARN_BLOCK_CAPTURE_AUTORELEASING = YES;
				CLANG_WARN_BOOL_CONVERSION = YES;
				CLANG_WARN_COMMA = YES;
				CLANG_WARN_CONSTANT_CONVERSION = YES;
				CLANG_WARN_DEPRECATED_OBJC_IMPLEMENTATIONS = YES;
				CLANG_WARN_DIRECT_OBJC_ISA_USAGE = YES_ERROR;
				CLANG_WARN_DOCUMENTATION_COMMENTS = YES;
				CLANG_WARN_EMPTY_BODY = YES;
				CLANG_WARN_ENUM_CONVERSION = YES;
				CLANG_WARN_INFINITE_RECURSION = YES;
				CLANG_WARN_INT_CONVERSION = YES;
				CLANG_WARN_NON_LITERAL_NULL_CONVERSION = YES;
				CLANG_WARN_OBJC_IMPLICIT_RETAIN_SELF = YES;
				CLANG_WARN_OBJC_LITERAL_CONVERSION = YES;
				CLANG_WARN_OBJC_ROOT_CLASS = YES_ERROR;
				CLANG_WARN_QUOTED_INCLUDE_IN_FRAMEWORK_HEADER = YES;
				CLANG_WARN_RANGE_LOOP_ANALYSIS = YES;
				CLANG_WARN_STRICT_PROTOTYPES = YES;
				CLANG_WARN_SUSPICIOUS_MOVE = YES;
				CLANG_WARN_UNGUARDED_AVAILABILITY = YES_AGGRESSIVE;
				CLANG_WARN_UNREACHABLE_CODE = YES;
				CLANG_WARN__DUPLICATE_METHOD_MATCH = YES;
				COPY_PHASE_STRIP = NO;
				DEBUG_INFORMATION_FORMAT = dwarf;
				ENABLE_STRICT_OBJC_MSGSEND = YES;
				ENABLE_TESTABILITY = YES;
				ENABLE_USER_SCRIPT_SANDBOXING = YES;
				GCC_C_LANGUAGE_STANDARD = gnu17;
				GCC_DYNAMIC_NO_PIC = NO;
				GCC_NO_COMMON_BLOCKS = YES;
				GCC_OPTIMIZATION_LEVEL = 0;
				GCC_PREPROCESSOR_DEFINITIONS = (
					"DEBUG=1",
					"$(inherited)",
				);
				GCC_WARN_64_TO_32_BIT_CONVERSION = YES;
				GCC_WARN_ABOUT_RETURN_TYPE = YES_ERROR;
				GCC_WARN_UNDECLARED_SELECTOR = YES;
				GCC_WARN_UNINITIALIZED_AUTOS = YES_AGGRESSIVE;
				GCC_WARN_UNUSED_FUNCTION = YES;
				GCC_WARN_UNUSED_VARIABLE = YES;
				IPHONEOS_DEPLOYMENT_TARGET = 17.0;
				LOCALIZATION_PREFERS_STRING_CATALOGS = YES;
				MTL_ENABLE_DEBUG_INFO = INCLUDE_SOURCE;
				MTL_FAST_MATH = YES;
				ONLY_ACTIVE_ARCH = YES;
				SDKROOT = iphoneos;
				SWIFT_ACTIVE_COMPILATION_CONDITIONS = "DEBUG $(inherited)";
				SWIFT_OPTIMIZATION_LEVEL = "-Onone";
			};
			name = Debug;
		};
		ABA37A042B1D371C00960FFF /* Release */ = {
			isa = XCBuildConfiguration;
			buildSettings = {
				ALWAYS_SEARCH_USER_PATHS = NO;
				ASSETCATALOG_COMPILER_GENERATE_SWIFT_ASSET_SYMBOL_EXTENSIONS = YES;
				CLANG_ANALYZER_NONNULL = YES;
				CLANG_ANALYZER_NUMBER_OBJECT_CONVERSION = YES_AGGRESSIVE;
				CLANG_CXX_LANGUAGE_STANDARD = "gnu++20";
				CLANG_ENABLE_MODULES = YES;
				CLANG_ENABLE_OBJC_ARC = YES;
				CLANG_ENABLE_OBJC_WEAK = YES;
				CLANG_WARN_BLOCK_CAPTURE_AUTORELEASING = YES;
				CLANG_WARN_BOOL_CONVERSION = YES;
				CLANG_WARN_COMMA = YES;
				CLANG_WARN_CONSTANT_CONVERSION = YES;
				CLANG_WARN_DEPRECATED_OBJC_IMPLEMENTATIONS = YES;
				CLANG_WARN_DIRECT_OBJC_ISA_USAGE = YES_ERROR;
				CLANG_WARN_DOCUMENTATION_COMMENTS = YES;
				CLANG_WARN_EMPTY_BODY = YES;
				CLANG_WARN_ENUM_CONVERSION = YES;
				CLANG_WARN_INFINITE_RECURSION = YES;
				CLANG_WARN_INT_CONVERSION = YES;
				CLANG_WARN_NON_LITERAL_NULL_CONVERSION = YES;
				CLANG_WARN_OBJC_IMPLICIT_RETAIN_SELF = YES;
				CLANG_WARN_OBJC_LITERAL_CONVERSION = YES;
				CLANG_WARN_OBJC_ROOT_CLASS = YES_ERROR;
				CLANG_WARN_QUOTED_INCLUDE_IN_FRAMEWORK_HEADER = YES;
				CLANG_WARN_RANGE_LOOP_ANALYSIS = YES;
				CLANG_WARN_STRICT_PROTOTYPES = YES;
				CLANG_WARN_SUSPICIOUS_MOVE = YES;
				CLANG_WARN_UNGUARDED_AVAILABILITY = YES_AGGRESSIVE;
				CLANG_WARN_UNREACHABLE_CODE = YES;
				CLANG_WARN__DUPLICATE_METHOD_MATCH = YES;
				COPY_PHASE_STRIP = NO;
				DEBUG_INFORMATION_FORMAT = "dwarf-with-dsym";
				ENABLE_NS_ASSERTIONS = NO;
				ENABLE_STRICT_OBJC_MSGSEND = YES;
				ENABLE_USER_SCRIPT_SANDBOXING = YES;
				GCC_C_LANGUAGE_STANDARD = gnu17;
				GCC_NO_COMMON_BLOCKS = YES;
				GCC_WARN_64_TO_32_BIT_CONVERSION = YES;
				GCC_WARN_ABOUT_RETURN_TYPE = YES_ERROR;
				GCC_WARN_UNDECLARED_SELECTOR = YES;
				GCC_WARN_UNINITIALIZED_AUTOS = YES_AGGRESSIVE;
				GCC_WARN_UNUSED_FUNCTION = YES;
				GCC_WARN_UNUSED_VARIABLE = YES;
				IPHONEOS_DEPLOYMENT_TARGET = 17.0;
				LOCALIZATION_PREFERS_STRING_CATALOGS = YES;
				MTL_ENABLE_DEBUG_INFO = NO;
				MTL_FAST_MATH = YES;
				SDKROOT = iphoneos;
				SWIFT_COMPILATION_MODE = wholemodule;
				VALIDATE_PRODUCT = YES;
			};
			name = Release;
		};
		ABA37A062B1D371C00960FFF /* Debug */ = {
			isa = XCBuildConfiguration;
			buildSettings = {
				ASSETCATALOG_COMPILER_APPICON_NAME = AppIcon;
				ASSETCATALOG_COMPILER_GLOBAL_ACCENT_COLOR_NAME = AccentColor;
				CODE_SIGN_IDENTITY = "Apple Development";
				CODE_SIGN_STYLE = Automatic;
				CURRENT_PROJECT_VERSION = 1;
				DEVELOPMENT_ASSET_PATHS = "\"swiftuitodolist/Preview Content\"";
				DEVELOPMENT_TEAM = U4898R68SF;
				ENABLE_PREVIEWS = YES;
				GENERATE_INFOPLIST_FILE = YES;
				INFOPLIST_KEY_UIApplicationSceneManifest_Generation = YES;
				INFOPLIST_KEY_UIApplicationSupportsIndirectInputEvents = YES;
				INFOPLIST_KEY_UILaunchScreen_Generation = YES;
				INFOPLIST_KEY_UISupportedInterfaceOrientations_iPad = "UIInterfaceOrientationPortrait UIInterfaceOrientationPortraitUpsideDown UIInterfaceOrientationLandscapeLeft UIInterfaceOrientationLandscapeRight";
				INFOPLIST_KEY_UISupportedInterfaceOrientations_iPhone = "UIInterfaceOrientationPortrait UIInterfaceOrientationLandscapeLeft UIInterfaceOrientationLandscapeRight";
				LD_RUNPATH_SEARCH_PATHS = (
					"$(inherited)",
					"@executable_path/Frameworks",
				);
				MARKETING_VERSION = 1.0;
				PRODUCT_BUNDLE_IDENTIFIER = com.rantbl.todolist.swiftuitodolist;
				PRODUCT_NAME = "$(TARGET_NAME)";
				PROVISIONING_PROFILE_SPECIFIER = "";
				SWIFT_EMIT_LOC_STRINGS = YES;
				SWIFT_VERSION = 5.0;
				TARGETED_DEVICE_FAMILY = "1,2";
			};
			name = Debug;
		};
		ABA37A072B1D371C00960FFF /* Release */ = {
			isa = XCBuildConfiguration;
			buildSettings = {
				ASSETCATALOG_COMPILER_APPICON_NAME = AppIcon;
				ASSETCATALOG_COMPILER_GLOBAL_ACCENT_COLOR_NAME = AccentColor;
				CODE_SIGN_IDENTITY = "Apple Development";
				CODE_SIGN_STYLE = Automatic;
				CURRENT_PROJECT_VERSION = 1;
				DEVELOPMENT_ASSET_PATHS = "\"swiftuitodolist/Preview Content\"";
				DEVELOPMENT_TEAM = U4898R68SF;
				ENABLE_PREVIEWS = YES;
				GENERATE_INFOPLIST_FILE = YES;
				INFOPLIST_KEY_UIApplicationSceneManifest_Generation = YES;
				INFOPLIST_KEY_UIApplicationSupportsIndirectInputEvents = YES;
				INFOPLIST_KEY_UILaunchScreen_Generation = YES;
				INFOPLIST_KEY_UISupportedInterfaceOrientations_iPad = "UIInterfaceOrientationPortrait UIInterfaceOrientationPortraitUpsideDown UIInterfaceOrientationLandscapeLeft UIInterfaceOrientationLandscapeRight";
				INFOPLIST_KEY_UISupportedInterfaceOrientations_iPhone = "UIInterfaceOrientationPortrait UIInterfaceOrientationLandscapeLeft UIInterfaceOrientationLandscapeRight";
				LD_RUNPATH_SEARCH_PATHS = (
					"$(inherited)",
					"@executable_path/Frameworks",
				);
				MARKETING_VERSION = 1.0;
				PRODUCT_BUNDLE_IDENTIFIER = com.rantbl.todolist.swiftuitodolist;
				PRODUCT_NAME = "$(TARGET_NAME)";
				PROVISIONING_PROFILE_SPECIFIER = "";
				SWIFT_EMIT_LOC_STRINGS = YES;
				SWIFT_VERSION = 5.0;
				TARGETED_DEVICE_FAMILY = "1,2";
			};
			name = Release;
		};
		ABA37A092B1D371C00960FFF /* Debug */ = {
			isa = XCBuildConfiguration;
			buildSettings = {
				ALWAYS_EMBED_SWIFT_STANDARD_LIBRARIES = YES;
				BUNDLE_LOADER = "$(TEST_HOST)";
				CODE_SIGN_STYLE = Automatic;
				CURRENT_PROJECT_VERSION = 1;
				GENERATE_INFOPLIST_FILE = YES;
				IPHONEOS_DEPLOYMENT_TARGET = 17.0;
				MARKETING_VERSION = 1.0;
				PRODUCT_BUNDLE_IDENTIFIER = com.rantbl.todolist.swiftuitodolistTests;
				PRODUCT_NAME = "$(TARGET_NAME)";
				SWIFT_EMIT_LOC_STRINGS = NO;
				SWIFT_VERSION = 5.0;
				TARGETED_DEVICE_FAMILY = "1,2";
				TEST_HOST = "$(BUILT_PRODUCTS_DIR)/swiftuitodolist.app/$(BUNDLE_EXECUTABLE_FOLDER_PATH)/swiftuitodolist";
			};
			name = Debug;
		};
		ABA37A0A2B1D371C00960FFF /* Release */ = {
			isa = XCBuildConfiguration;
			buildSettings = {
				ALWAYS_EMBED_SWIFT_STANDARD_LIBRARIES = YES;
				BUNDLE_LOADER = "$(TEST_HOST)";
				CODE_SIGN_STYLE = Automatic;
				CURRENT_PROJECT_VERSION = 1;
				GENERATE_INFOPLIST_FILE = YES;
				IPHONEOS_DEPLOYMENT_TARGET = 17.0;
				MARKETING_VERSION = 1.0;
				PRODUCT_BUNDLE_IDENTIFIER = com.rantbl.todolist.swiftuitodolistTests;
				PRODUCT_NAME = "$(TARGET_NAME)";
				SWIFT_EMIT_LOC_STRINGS = NO;
				SWIFT_VERSION = 5.0;
				TARGETED_DEVICE_FAMILY = "1,2";
				TEST_HOST = "$(BUILT_PRODUCTS_DIR)/swiftuitodolist.app/$(BUNDLE_EXECUTABLE_FOLDER_PATH)/swiftuitodolist";
			};
			name = Release;
		};
		ABA37A0C2B1D371C00960FFF /* Debug */ = {
			isa = XCBuildConfiguration;
			buildSettings = {
				ALWAYS_EMBED_SWIFT_STANDARD_LIBRARIES = YES;
				CODE_SIGN_STYLE = Automatic;
				CURRENT_PROJECT_VERSION = 1;
				GENERATE_INFOPLIST_FILE = YES;
				MARKETING_VERSION = 1.0;
				PRODUCT_BUNDLE_IDENTIFIER = com.rantbl.todolist.swiftuitodolistUITests;
				PRODUCT_NAME = "$(TARGET_NAME)";
				SWIFT_EMIT_LOC_STRINGS = NO;
				SWIFT_VERSION = 5.0;
				TARGETED_DEVICE_FAMILY = "1,2";
				TEST_TARGET_NAME = swiftuitodolist;
			};
			name = Debug;
		};
		ABA37A0D2B1D371C00960FFF /* Release */ = {
			isa = XCBuildConfiguration;
			buildSettings = {
				ALWAYS_EMBED_SWIFT_STANDARD_LIBRARIES = YES;
				CODE_SIGN_STYLE = Automatic;
				CURRENT_PROJECT_VERSION = 1;
				GENERATE_INFOPLIST_FILE = YES;
				MARKETING_VERSION = 1.0;
				PRODUCT_BUNDLE_IDENTIFIER = com.rantbl.todolist.swiftuitodolistUITests;
				PRODUCT_NAME = "$(TARGET_NAME)";
				SWIFT_EMIT_LOC_STRINGS = NO;
				SWIFT_VERSION = 5.0;
				TARGETED_DEVICE_FAMILY = "1,2";
				TEST_TARGET_NAME = swiftuitodolist;
			};
			name = Release;
		};
/* End XCBuildConfiguration section */

/* Begin XCConfigurationList section */
		ABA379DC2B1D371A00960FFF /* Build configuration list for PBXProject "swiftuitodolist" */ = {
			isa = XCConfigurationList;
			buildConfigurations = (
				ABA37A032B1D371C00960FFF /* Debug */,
				ABA37A042B1D371C00960FFF /* Release */,
			);
			defaultConfigurationIsVisible = 0;
			defaultConfigurationName = Release;
		};
		ABA37A052B1D371C00960FFF /* Build configuration list for PBXNativeTarget "swiftuitodolist" */ = {
			isa = XCConfigurationList;
			buildConfigurations = (
				ABA37A062B1D371C00960FFF /* Debug */,
				ABA37A072B1D371C00960FFF /* Release */,
			);
			defaultConfigurationIsVisible = 0;
			defaultConfigurationName = Release;
		};
		ABA37A082B1D371C00960FFF /* Build configuration list for PBXNativeTarget "swiftuitodolistTests" */ = {
			isa = XCConfigurationList;
			buildConfigurations = (
				ABA37A092B1D371C00960FFF /* Debug */,
				ABA37A0A2B1D371C00960FFF /* Release */,
			);
			defaultConfigurationIsVisible = 0;
			defaultConfigurationName = Release;
		};
		ABA37A0B2B1D371C00960FFF /* Build configuration list for PBXNativeTarget "swiftuitodolistUITests" */ = {
			isa = XCConfigurationList;
			buildConfigurations = (
				ABA37A0C2B1D371C00960FFF /* Debug */,
				ABA37A0D2B1D371C00960FFF /* Release */,
			);
			defaultConfigurationIsVisible = 0;
			defaultConfigurationName = Release;
		};
/* End XCConfigurationList section */

/* Begin XCRemoteSwiftPackageReference section */
		ABA37A0E2B1D3BC300960FFF /* XCRemoteSwiftPackageReference "firebase-ios-sdk" */ = {
			isa = XCRemoteSwiftPackageReference;
			repositoryURL = "https://github.com/firebase/firebase-ios-sdk.git";
			requirement = {
				kind = upToNextMajorVersion;
				minimumVersion = 10.18.0;
			};
		};
/* End XCRemoteSwiftPackageReference section */

/* Begin XCSwiftPackageProductDependency section */
		ABFAEBB32B1E7E60006A6D20 /* FirebaseAuth */ = {
			isa = XCSwiftPackageProductDependency;
			package = ABA37A0E2B1D3BC300960FFF /* XCRemoteSwiftPackageReference "firebase-ios-sdk" */;
			productName = FirebaseAuth;
		};
		ABFAEBB52B1E7E60006A6D20 /* FirebaseFirestore */ = {
			isa = XCSwiftPackageProductDependency;
			package = ABA37A0E2B1D3BC300960FFF /* XCRemoteSwiftPackageReference "firebase-ios-sdk" */;
			productName = FirebaseFirestore;
		};
		ABFAEBB72B1E7E60006A6D20 /* FirebaseFirestoreSwift */ = {
			isa = XCSwiftPackageProductDependency;
			package = ABA37A0E2B1D3BC300960FFF /* XCRemoteSwiftPackageReference "firebase-ios-sdk" */;
			productName = FirebaseFirestoreSwift;
		};
/* End XCSwiftPackageProductDependency section */
	};
	rootObject = ABA379D92B1D371A00960FFF /* Project object */;
}
